
Microsoft Visual Studio Solution File, Format Version 12.00
# Visual Studio 15
VisualStudioVersion = 15.0.27703.2000
MinimumVisualStudioVersion = 10.0.40219.1
Project("{FAE04EC0-301F-11D3-BF4B-00C04F79EFBC}") = "thaibet.Android", "thaibet\thaibet.Android\thaibet.Android.csproj", "{A63D2754-2B5E-4BD9-AD21-7FC69B14E7C9}"
EndProject
Project("{FAE04EC0-301F-11D3-BF4B-00C04F79EFBC}") = "thaibet.iOS", "thaibet\thaibet.iOS\thaibet.iOS.csproj", "{22A65657-BB37-4762-974C-DCBC71AE6E22}"
EndProject
Project("{FAE04EC0-301F-11D3-BF4B-00C04F79EFBC}") = "thaibet", "thaibet\thaibet\thaibet.csproj", "{5947F8AF-AA20-412D-A523-A832D14D6227}"
EndProject
Global
	GlobalSection(SolutionConfigurationPlatforms) = preSolution
		Ad-Hoc|Any CPU = Ad-Hoc|Any CPU
		Ad-Hoc|iPhone = Ad-Hoc|iPhone
		Ad-Hoc|iPhoneSimulator = Ad-Hoc|iPhoneSimulator
		AppStore|Any CPU = AppStore|Any CPU
		AppStore|iPhone = AppStore|iPhone
		AppStore|iPhoneSimulator = AppStore|iPhoneSimulator
		Debug|Any CPU = Debug|Any CPU
		Debug|iPhone = Debug|iPhone
		Debug|iPhoneSimulator = Debug|iPhoneSimulator
		Release|Any CPU = Release|Any CPU
		Release|iPhone = Release|iPhone
		Release|iPhoneSimulator = Release|iPhoneSimulator
	EndGlobalSection
	GlobalSection(ProjectConfigurationPlatforms) = postSolution
		{A63D2754-2B5E-4BD9-AD21-7FC69B14E7C9}.Ad-Hoc|Any CPU.ActiveCfg = Release|Any CPU
		{A63D2754-2B5E-4BD9-AD21-7FC69B14E7C9}.Ad-Hoc|Any CPU.Build.0 = Release|Any CPU
		{A63D2754-2B5E-4BD9-AD21-7FC69B14E7C9}.Ad-Hoc|Any CPU.Deploy.0 = Release|Any CPU
		{A63D2754-2B5E-4BD9-AD21-7FC69B14E7C9}.Ad-Hoc|iPhone.ActiveCfg = Release|Any CPU
		{A63D2754-2B5E-4BD9-AD21-7FC69B14E7C9}.Ad-Hoc|iPhone.Build.0 = Release|Any CPU
		{A63D2754-2B5E-4BD9-AD21-7FC69B14E7C9}.Ad-Hoc|iPhone.Deploy.0 = Release|Any CPU
		{A63D2754-2B5E-4BD9-AD21-7FC69B14E7C9}.Ad-Hoc|iPhoneSimulator.ActiveCfg = Release|Any CPU
		{A63D2754-2B5E-4BD9-AD21-7FC69B14E7C9}.Ad-Hoc|iPhoneSimulator.Build.0 = Release|Any CPU
		{A63D2754-2B5E-4BD9-AD21-7FC69B14E7C9}.Ad-Hoc|iPhoneSimulator.Deploy.0 = Release|Any CPU
		{A63D2754-2B5E-4BD9-AD21-7FC69B14E7C9}.AppStore|Any CPU.ActiveCfg = Release|Any CPU
		{A63D2754-2B5E-4BD9-AD21-7FC69B14E7C9}.AppStore|Any CPU.Build.0 = Release|Any CPU
		{A63D2754-2B5E-4BD9-AD21-7FC69B14E7C9}.AppStore|Any CPU.Deploy.0 = Release|Any CPU
		{A63D2754-2B5E-4BD9-AD21-7FC69B14E7C9}.AppStore|iPhone.ActiveCfg = Release|Any CPU
		{A63D2754-2B5E-4BD9-AD21-7FC69B14E7C9}.AppStore|iPhone.Build.0 = Release|Any CPU
		{A63D2754-2B5E-4BD9-AD21-7FC69B14E7C9}.AppStore|iPhone.Deploy.0 = Release|Any CPU
		{A63D2754-2B5E-4BD9-AD21-7FC69B14E7C9}.AppStore|iPhoneSimulator.ActiveCfg = Release|Any CPU
		{A63D2754-2B5E-4BD9-AD21-7FC69B14E7C9}.AppStore|iPhoneSimulator.Build.0 = Release|Any CPU
		{A63D2754-2B5E-4BD9-AD21-7FC69B14E7C9}.AppStore|iPhoneSimulator.Deploy.0 = Release|Any CPU
		{A63D2754-2B5E-4BD9-AD21-7FC69B14E7C9}.Debug|Any CPU.ActiveCfg = Debug|Any CPU
		{A63D2754-2B5E-4BD9-AD21-7FC69B14E7C9}.Debug|Any CPU.Build.0 = Debug|Any CPU
		{A63D2754-2B5E-4BD9-AD21-7FC69B14E7C9}.Debug|Any CPU.Deploy.0 = Debug|Any CPU
		{A63D2754-2B5E-4BD9-AD21-7FC69B14E7C9}.Debug|iPhone.ActiveCfg = Debug|Any CPU
		{A63D2754-2B5E-4BD9-AD21-7FC69B14E7C9}.Debug|iPhone.Build.0 = Debug|Any CPU
		{A63D2754-2B5E-4BD9-AD21-7FC69B14E7C9}.Debug|iPhone.Deploy.0 = Debug|Any CPU
		{A63D2754-2B5E-4BD9-AD21-7FC69B14E7C9}.Debug|iPhoneSimulator.ActiveCfg = Debug|Any CPU
		{A63D2754-2B5E-4BD9-AD21-7FC69B14E7C9}.Debug|iPhoneSimulator.Build.0 = Debug|Any CPU
		{A63D2754-2B5E-4BD9-AD21-7FC69B14E7C9}.Debug|iPhoneSimulator.Deploy.0 = Debug|Any CPU
		{A63D2754-2B5E-4BD9-AD21-7FC69B14E7C9}.Release|Any CPU.ActiveCfg = Release|Any CPU
		{A63D2754-2B5E-4BD9-AD21-7FC69B14E7C9}.Release|Any CPU.Build.0 = Release|Any CPU
		{A63D2754-2B5E-4BD9-AD21-7FC69B14E7C9}.Release|Any CPU.Deploy.0 = Release|Any CPU
		{A63D2754-2B5E-4BD9-AD21-7FC69B14E7C9}.Release|iPhone.ActiveCfg = Release|Any CPU
		{A63D2754-2B5E-4BD9-AD21-7FC69B14E7C9}.Release|iPhone.Build.0 = Release|Any CPU
		{A63D2754-2B5E-4BD9-AD21-7FC69B14E7C9}.Release|iPhone.Deploy.0 = Release|Any CPU
		{A63D2754-2B5E-4BD9-AD21-7FC69B14E7C9}.Release|iPhoneSimulator.ActiveCfg = Release|Any CPU
		{A63D2754-2B5E-4BD9-AD21-7FC69B14E7C9}.Release|iPhoneSimulator.Build.0 = Release|Any CPU
		{A63D2754-2B5E-4BD9-AD21-7FC69B14E7C9}.Release|iPhoneSimulator.Deploy.0 = Release|Any CPU
		{22A65657-BB37-4762-974C-DCBC71AE6E22}.Ad-Hoc|Any CPU.ActiveCfg = Ad-Hoc|iPhone
		{22A65657-BB37-4762-974C-DCBC71AE6E22}.Ad-Hoc|Any CPU.Build.0 = Ad-Hoc|iPhone
		{22A65657-BB37-4762-974C-DCBC71AE6E22}.Ad-Hoc|Any CPU.Deploy.0 = Ad-Hoc|iPhone
		{22A65657-BB37-4762-974C-DCBC71AE6E22}.Ad-Hoc|iPhone.ActiveCfg = Ad-Hoc|iPhone
		{22A65657-BB37-4762-974C-DCBC71AE6E22}.Ad-Hoc|iPhone.Build.0 = Ad-Hoc|iPhone
		{22A65657-BB37-4762-974C-DCBC71AE6E22}.Ad-Hoc|iPhone.Deploy.0 = Ad-Hoc|iPhone
		{22A65657-BB37-4762-974C-DCBC71AE6E22}.Ad-Hoc|iPhoneSimulator.ActiveCfg = Ad-Hoc|iPhoneSimulator
		{22A65657-BB37-4762-974C-DCBC71AE6E22}.Ad-Hoc|iPhoneSimulator.Build.0 = Ad-Hoc|iPhoneSimulator
		{22A65657-BB37-4762-974C-DCBC71AE6E22}.Ad-Hoc|iPhoneSimulator.Deploy.0 = Ad-Hoc|iPhoneSimulator
		{22A65657-BB37-4762-974C-DCBC71AE6E22}.AppStore|Any CPU.ActiveCfg = AppStore|iPhone
		{22A65657-BB37-4762-974C-DCBC71AE6E22}.AppStore|Any CPU.Build.0 = AppStore|iPhone
		{22A65657-BB37-4762-974C-DCBC71AE6E22}.AppStore|Any CPU.Deploy.0 = AppStore|iPhone
		{22A65657-BB37-4762-974C-DCBC71AE6E22}.AppStore|iPhone.ActiveCfg = AppStore|iPhone
		{22A65657-BB37-4762-974C-DCBC71AE6E22}.AppStore|iPhone.Build.0 = AppStore|iPhone
		{22A65657-BB37-4762-974C-DCBC71AE6E22}.AppStore|iPhone.Deploy.0 = AppStore|iPhone
		{22A65657-BB37-4762-974C-DCBC71AE6E22}.AppStore|iPhoneSimulator.ActiveCfg = AppStore|iPhoneSimulator
		{22A65657-BB37-4762-974C-DCBC71AE6E22}.AppStore|iPhoneSimulator.Build.0 = AppStore|iPhoneSimulator
		{22A65657-BB37-4762-974C-DCBC71AE6E22}.AppStore|iPhoneSimulator.Deploy.0 = AppStore|iPhoneSimulator
		{22A65657-BB37-4762-974C-DCBC71AE6E22}.Debug|Any CPU.ActiveCfg = Debug|iPhoneSimulator
		{22A65657-BB37-4762-974C-DCBC71AE6E22}.Debug|Any CPU.Build.0 = Debug|iPhoneSimulator
		{22A65657-BB37-4762-974C-DCBC71AE6E22}.Debug|Any CPU.Deploy.0 = Debug|iPhoneSimulator
		{22A65657-BB37-4762-974C-DCBC71AE6E22}.Debug|iPhone.ActiveCfg = Debug|iPhone
		{22A65657-BB37-4762-974C-DCBC71AE6E22}.Debug|iPhone.Build.0 = Debug|iPhone
		{22A65657-BB37-4762-974C-DCBC71AE6E22}.Debug|iPhone.Deploy.0 = Debug|iPhone
		{22A65657-BB37-4762-974C-DCBC71AE6E22}.Debug|iPhoneSimulator.ActiveCfg = Debug|iPhoneSimulator
		{22A65657-BB37-4762-974C-DCBC71AE6E22}.Debug|iPhoneSimulator.Build.0 = Debug|iPhoneSimulator
		{22A65657-BB37-4762-974C-DCBC71AE6E22}.Debug|iPhoneSimulator.Deploy.0 = Debug|iPhoneSimulator
		{22A65657-BB37-4762-974C-DCBC71AE6E22}.Release|Any CPU.ActiveCfg = Release|iPhone
		{22A65657-BB37-4762-974C-DCBC71AE6E22}.Release|Any CPU.Build.0 = Release|iPhone
		{22A65657-BB37-4762-974C-DCBC71AE6E22}.Release|Any CPU.Deploy.0 = Release|iPhone
		{22A65657-BB37-4762-974C-DCBC71AE6E22}.Release|iPhone.ActiveCfg = Release|iPhone
		{22A65657-BB37-4762-974C-DCBC71AE6E22}.Release|iPhone.Build.0 = Release|iPhone
		{22A65657-BB37-4762-974C-DCBC71AE6E22}.Release|iPhone.Deploy.0 = Release|iPhone
		{22A65657-BB37-4762-974C-DCBC71AE6E22}.Release|iPhoneSimulator.ActiveCfg = Release|iPhoneSimulator
		{22A65657-BB37-4762-974C-DCBC71AE6E22}.Release|iPhoneSimulator.Build.0 = Release|iPhoneSimulator
		{22A65657-BB37-4762-974C-DCBC71AE6E22}.Release|iPhoneSimulator.Deploy.0 = Release|iPhoneSimulator
		{5947F8AF-AA20-412D-A523-A832D14D6227}.Ad-Hoc|Any CPU.ActiveCfg = Debug|Any CPU
		{5947F8AF-AA20-412D-A523-A832D14D6227}.Ad-Hoc|Any CPU.Build.0 = Debug|Any CPU
		{5947F8AF-AA20-412D-A523-A832D14D6227}.Ad-Hoc|Any CPU.Deploy.0 = Debug|Any CPU
		{5947F8AF-AA20-412D-A523-A832D14D6227}.Ad-Hoc|iPhone.ActiveCfg = Debug|Any CPU
		{5947F8AF-AA20-412D-A523-A832D14D6227}.Ad-Hoc|iPhone.Build.0 = Debug|Any CPU
		{5947F8AF-AA20-412D-A523-A832D14D6227}.Ad-Hoc|iPhone.Deploy.0 = Debug|Any CPU
		{5947F8AF-AA20-412D-A523-A832D14D6227}.Ad-Hoc|iPhoneSimulator.ActiveCfg = Debug|Any CPU
		{5947F8AF-AA20-412D-A523-A832D14D6227}.Ad-Hoc|iPhoneSimulator.Build.0 = Debug|Any CPU
		{5947F8AF-AA20-412D-A523-A832D14D6227}.Ad-Hoc|iPhoneSimulator.Deploy.0 = Debug|Any CPU
		{5947F8AF-AA20-412D-A523-A832D14D6227}.AppStore|Any CPU.ActiveCfg = Debug|Any CPU
		{5947F8AF-AA20-412D-A523-A832D14D6227}.AppStore|Any CPU.Build.0 = Debug|Any CPU
		{5947F8AF-AA20-412D-A523-A832D14D6227}.AppStore|Any CPU.Deploy.0 = Debug|Any CPU
		{5947F8AF-AA20-412D-A523-A832D14D6227}.AppStore|iPhone.ActiveCfg = Debug|Any CPU
		{5947F8AF-AA20-412D-A523-A832D14D6227}.AppStore|iPhone.Build.0 = Debug|Any CPU
		{5947F8AF-AA20-412D-A523-A832D14D6227}.AppStore|iPhone.Deploy.0 = Debug|Any CPU
		{5947F8AF-AA20-412D-A523-A832D14D6227}.AppStore|iPhoneSimulator.ActiveCfg = Debug|Any CPU
		{5947F8AF-AA20-412D-A523-A832D14D6227}.AppStore|iPhoneSimulator.Build.0 = Debug|Any CPU
		{5947F8AF-AA20-412D-A523-A832D14D6227}.AppStore|iPhoneSimulator.Deploy.0 = Debug|Any CPU
		{5947F8AF-AA20-412D-A523-A832D14D6227}.Debug|Any CPU.ActiveCfg = Debug|Any CPU
		{5947F8AF-AA20-412D-A523-A832D14D6227}.Debug|Any CPU.Build.0 = Debug|Any CPU
		{5947F8AF-AA20-412D-A523-A832D14D6227}.Debug|Any CPU.Deploy.0 = Debug|Any CPU
		{5947F8AF-AA20-412D-A523-A832D14D6227}.Debug|iPhone.ActiveCfg = Debug|Any CPU
		{5947F8AF-AA20-412D-A523-A832D14D6227}.Debug|iPhone.Build.0 = Debug|Any CPU
		{5947F8AF-AA20-412D-A523-A832D14D6227}.Debug|iPhone.Deploy.0 = Debug|Any CPU
		{5947F8AF-AA20-412D-A523-A832D14D6227}.Debug|iPhoneSimulator.ActiveCfg = Debug|Any CPU
		{5947F8AF-AA20-412D-A523-A832D14D6227}.Debug|iPhoneSimulator.Build.0 = Debug|Any CPU
		{5947F8AF-AA20-412D-A523-A832D14D6227}.Debug|iPhoneSimulator.Deploy.0 = Debug|Any CPU
		{5947F8AF-AA20-412D-A523-A832D14D6227}.Release|Any CPU.ActiveCfg = Release|Any CPU
		{5947F8AF-AA20-412D-A523-A832D14D6227}.Release|Any CPU.Build.0 = Release|Any CPU
		{5947F8AF-AA20-412D-A523-A832D14D6227}.Release|Any CPU.Deploy.0 = Release|Any CPU
		{5947F8AF-AA20-412D-A523-A832D14D6227}.Release|iPhone.ActiveCfg = Release|Any CPU
		{5947F8AF-AA20-412D-A523-A832D14D6227}.Release|iPhone.Build.0 = Release|Any CPU
		{5947F8AF-AA20-412D-A523-A832D14D6227}.Release|iPhone.Deploy.0 = Release|Any CPU
		{5947F8AF-AA20-412D-A523-A832D14D6227}.Release|iPhoneSimulator.ActiveCfg = Release|Any CPU
		{5947F8AF-AA20-412D-A523-A832D14D6227}.Release|iPhoneSimulator.Build.0 = Release|Any CPU
		{5947F8AF-AA20-412D-A523-A832D14D6227}.Release|iPhoneSimulator.Deploy.0 = Release|Any CPU
	EndGlobalSection
	GlobalSection(SolutionProperties) = preSolution
		HideSolutionNode = FALSE
	EndGlobalSection
	GlobalSection(ExtensibilityGlobals) = postSolution
		SolutionGuid = {C0FFB065-2EC3-4DAA-81A1-2645D98D1B7B}
	EndGlobalSection
EndGlobal
